github.com/golang/groupcache v0.0.0-20210331224755-41bb18bfe9da h1:oI5xCqsCo564l8iNU+DwB5epxmsaqB+rhGL0m5jtYqE=
github.com/golang/groupcache v0.0.0-20210331224755-41bb18bfe9da/go.mod h1:cIg4eruTrX1D+g88fzRXU5OdNfaM+9IcxsU14FzY7Hc=
nm.go/go-server/library v0.0.0-20220926044846-475fa0811a59 h1:tCGIwPwTmbheGZsIrR/S9LDvf0UkeAyKJsVQjsEiMos=
nm.go/go-server/library v0.0.0-20220926044846-475fa0811a59/go.mod h1:iKOjWQCMPX+qOJi9TXt4fGVGfqg7PnletJ/0plTMZ7I=
